// !$*UTF8*$!
{
	archiveVersion = 1;
	classes = {
	};
	objectVersion = 50;
	objects = {

/* Begin PBXBuildFile section */
		74970EF13B42DBE79B278804 /* Pods_AppCenterTest.framework in Frameworks */ = {isa = PBXBuildFile; fileRef = 41F90D64E981D64C14034A1E /* Pods_AppCenterTest.framework */; };
		AC2560532270B91600EEFE43 /* AppDelegate.swift in Sources */ = {isa = PBXBuildFile; fileRef = AC2560522270B91600EEFE43 /* AppDelegate.swift */; };
		AC2560552270B91600EEFE43 /* ViewController.swift in Sources */ = {isa = PBXBuildFile; fileRef = AC2560542270B91600EEFE43 /* ViewController.swift */; };
		AC2560582270B91600EEFE43 /* Main.storyboard in Resources */ = {isa = PBXBuildFile; fileRef = AC2560562270B91600EEFE43 /* Main.storyboard */; };
		AC25605A2270B91800EEFE43 /* Assets.xcassets in Resources */ = {isa = PBXBuildFile; fileRef = AC2560592270B91800EEFE43 /* Assets.xcassets */; };
		AC25605D2270B91800EEFE43 /* LaunchScreen.storyboard in Resources */ = {isa = PBXBuildFile; fileRef = AC25605B2270B91800EEFE43 /* LaunchScreen.storyboard */; };
		AC92F8222270BCCD00E67CF4 /* R.generated.swift in Sources */ = {isa = PBXBuildFile; fileRef = AC92F8212270BCCD00E67CF4 /* R.generated.swift */; };
/* End PBXBuildFile section */

/* Begin PBXFileReference section */
		1DC5A85786B620E7B4D30839 /* Pods-AppCenterTest.release.xcconfig */ = {isa = PBXFileReference; includeInIndex = 1; lastKnownFileType = text.xcconfig; name = "Pods-AppCenterTest.release.xcconfig"; path = "Target Support Files/Pods-AppCenterTest/Pods-AppCenterTest.release.xcconfig"; sourceTree = "<group>"; };
		2AEF239BB80B42F0900F2425 /* Pods-AppCenterTest.debug.xcconfig */ = {isa = PBXFileReference; includeInIndex = 1; lastKnownFileType = text.xcconfig; name = "Pods-AppCenterTest.debug.xcconfig"; path = "Target Support Files/Pods-AppCenterTest/Pods-AppCenterTest.debug.xcconfig"; sourceTree = "<group>"; };
		41F90D64E981D64C14034A1E /* Pods_AppCenterTest.framework */ = {isa = PBXFileReference; explicitFileType = wrapper.framework; includeInIndex = 0; path = Pods_AppCenterTest.framework; sourceTree = BUILT_PRODUCTS_DIR; };
		AC25604F2270B91600EEFE43 /* AppCenterTest.app */ = {isa = PBXFileReference; explicitFileType = wrapper.application; includeInIndex = 0; path = AppCenterTest.app; sourceTree = BUILT_PRODUCTS_DIR; };
		AC2560522270B91600EEFE43 /* AppDelegate.swift */ = {isa = PBXFileReference; lastKnownFileType = sourcecode.swift; path = AppDelegate.swift; sourceTree = "<group>"; };
		AC2560542270B91600EEFE43 /* ViewController.swift */ = {isa = PBXFileReference; lastKnownFileType = sourcecode.swift; path = ViewController.swift; sourceTree = "<group>"; };
		AC2560572270B91600EEFE43 /* Base */ = {isa = PBXFileReference; lastKnownFileType = file.storyboard; name = Base; path = Base.lproj/Main.storyboard; sourceTree = "<group>"; };
		AC2560592270B91800EEFE43 /* Assets.xcassets */ = {isa = PBXFileReference; lastKnownFileType = folder.assetcatalog; path = Assets.xcassets; sourceTree = "<group>"; };
		AC25605C2270B91800EEFE43 /* Base */ = {isa = PBXFileReference; lastKnownFileType = file.storyboard; name = Base; path = Base.lproj/LaunchScreen.storyboard; sourceTree = "<group>"; };
		AC25605E2270B91800EEFE43 /* Info.plist */ = {isa = PBXFileReference; lastKnownFileType = text.plist.xml; path = Info.plist; sourceTree = "<group>"; };
		AC92F8212270BCCD00E67CF4 /* R.generated.swift */ = {isa = PBXFileReference; fileEncoding = 4; lastKnownFileType = sourcecode.swift; path = R.generated.swift; sourceTree = SOURCE_ROOT; };
/* End PBXFileReference section */

/* Begin PBXFrameworksBuildPhase section */
		AC25604C2270B91600EEFE43 /* Frameworks */ = {
			isa = PBXFrameworksBuildPhase;
			buildActionMask = 2147483647;
			files = (
				74970EF13B42DBE79B278804 /* Pods_AppCenterTest.framework in Frameworks */,
			);
			runOnlyForDeploymentPostprocessing = 0;
		};
/* End PBXFrameworksBuildPhase section */

/* Begin PBXGroup section */
		9C773AB1F8F80C48328E6D74 /* Pods */ = {
			isa = PBXGroup;
			children = (
				2AEF239BB80B42F0900F2425 /* Pods-AppCenterTest.debug.xcconfig */,
				1DC5A85786B620E7B4D30839 /* Pods-AppCenterTest.release.xcconfig */,
			);
			path = Pods;
			sourceTree = "<group>";
		};
		AC2560462270B91600EEFE43 = {
			isa = PBXGroup;
			children = (
				AC2560512270B91600EEFE43 /* AppCenterTest */,
				AC2560502270B91600EEFE43 /* Products */,
				9C773AB1F8F80C48328E6D74 /* Pods */,
				C04904B9623515DC8CD99A94 /* Frameworks */,
			);
			sourceTree = "<group>";
		};
		AC2560502270B91600EEFE43 /* Products */ = {
			isa = PBXGroup;
			children = (
				AC25604F2270B91600EEFE43 /* AppCenterTest.app */,
			);
			name = Products;
			sourceTree = "<group>";
		};
		AC2560512270B91600EEFE43 /* AppCenterTest */ = {
			isa = PBXGroup;
			children = (
				AC2560522270B91600EEFE43 /* AppDelegate.swift */,
				AC2560542270B91600EEFE43 /* ViewController.swift */,
				AC2560562270B91600EEFE43 /* Main.storyboard */,
				AC2560592270B91800EEFE43 /* Assets.xcassets */,
				AC25605B2270B91800EEFE43 /* LaunchScreen.storyboard */,
				AC25605E2270B91800EEFE43 /* Info.plist */,
				AC92F8212270BCCD00E67CF4 /* R.generated.swift */,
			);
			path = AppCenterTest;
			sourceTree = "<group>";
		};
		C04904B9623515DC8CD99A94 /* Frameworks */ = {
			isa = PBXGroup;
			children = (
				41F90D64E981D64C14034A1E /* Pods_AppCenterTest.framework */,
			);
			name = Frameworks;
			sourceTree = "<group>";
		};
/* End PBXGroup section */

/* Begin PBXNativeTarget section */
		AC25604E2270B91600EEFE43 /* AppCenterTest */ = {
			isa = PBXNativeTarget;
			buildConfigurationList = AC2560612270B91800EEFE43 /* Build configuration list for PBXNativeTarget "AppCenterTest" */;
			buildPhases = (
				AD51B46B8F092EAEAD243F82 /* [CP] Check Pods Manifest.lock */,
				AC92F8202270BC4400E67CF4 /* R.swift */,
				AC92F8232270BDCB00E67CF4 /* SwiftLint */,
				AC25604B2270B91600EEFE43 /* Sources */,
				AC25604C2270B91600EEFE43 /* Frameworks */,
				AC25604D2270B91600EEFE43 /* Resources */,
				64C10A8586B717672A5E9C5C /* [CP] Embed Pods Frameworks */,
			);
			buildRules = (
			);
			dependencies = (
			);
			name = AppCenterTest;
			productName = AppCenterTest;
			productReference = AC25604F2270B91600EEFE43 /* AppCenterTest.app */;
			productType = "com.apple.product-type.application";
		};
/* End PBXNativeTarget section */

/* Begin PBXProject section */
		AC2560472270B91600EEFE43 /* Project object */ = {
			isa = PBXProject;
			attributes = {
				LastSwiftUpdateCheck = 1020;
				LastUpgradeCheck = 1020;
				ORGANIZATIONNAME = mario462;
				TargetAttributes = {
					AC25604E2270B91600EEFE43 = {
						CreatedOnToolsVersion = 10.2;
					};
				};
			};
			buildConfigurationList = AC25604A2270B91600EEFE43 /* Build configuration list for PBXProject "AppCenterTest" */;
			compatibilityVersion = "Xcode 9.3";
			developmentRegion = en;
			hasScannedForEncodings = 0;
			knownRegions = (
				en,
				Base,
			);
			mainGroup = AC2560462270B91600EEFE43;
			productRefGroup = AC2560502270B91600EEFE43 /* Products */;
			projectDirPath = "";
			projectRoot = "";
			targets = (
				AC25604E2270B91600EEFE43 /* AppCenterTest */,
			);
		};
/* End PBXProject section */

/* Begin PBXResourcesBuildPhase section */
		AC25604D2270B91600EEFE43 /* Resources */ = {
			isa = PBXResourcesBuildPhase;
			buildActionMask = 2147483647;
			files = (
				AC25605D2270B91800EEFE43 /* LaunchScreen.storyboard in Resources */,
				AC25605A2270B91800EEFE43 /* Assets.xcassets in Resources */,
				AC2560582270B91600EEFE43 /* Main.storyboard in Resources */,
			);
			runOnlyForDeploymentPostprocessing = 0;
		};
/* End PBXResourcesBuildPhase section */

/* Begin PBXShellScriptBuildPhase section */
		64C10A8586B717672A5E9C5C /* [CP] Embed Pods Frameworks */ = {
			isa = PBXShellScriptBuildPhase;
			buildActionMask = 2147483647;
			files = (
			);
			inputFileListPaths = (
			);
			inputPaths = (
				"${PODS_ROOT}/Target Support Files/Pods-AppCenterTest/Pods-AppCenterTest-frameworks.sh",
				"${BUILT_PRODUCTS_DIR}/R.swift.Library/Rswift.framework",
			);
			name = "[CP] Embed Pods Frameworks";
			outputFileListPaths = (
			);
			outputPaths = (
				"${TARGET_BUILD_DIR}/${FRAMEWORKS_FOLDER_PATH}/Rswift.framework",
			);
			runOnlyForDeploymentPostprocessing = 0;
			shellPath = /bin/sh;
			shellScript = "\"${PODS_ROOT}/Target Support Files/Pods-AppCenterTest/Pods-AppCenterTest-frameworks.sh\"\n";
			showEnvVarsInLog = 0;
		};
		AC92F8202270BC4400E67CF4 /* R.swift */ = {
			isa = PBXShellScriptBuildPhase;
			buildActionMask = 2147483647;
			files = (
			);
			inputFileListPaths = (
			);
			inputPaths = (
				"$TEMP_DIR/rswift-lastrun",
			);
			name = R.swift;
			outputFileListPaths = (
			);
			outputPaths = (
				$SRCROOT/R.generated.swift,
			);
			runOnlyForDeploymentPostprocessing = 0;
			shellPath = /bin/sh;
			shellScript = "\"$PODS_ROOT/R.swift/rswift\" generate \"$SRCROOT/R.generated.swift\"\n";
		};
		AC92F8232270BDCB00E67CF4 /* SwiftLint */ = {
			isa = PBXShellScriptBuildPhase;
			buildActionMask = 2147483647;
			files = (
			);
			inputFileListPaths = (
			);
			inputPaths = (
			);
			name = SwiftLint;
			outputFileListPaths = (
			);
			outputPaths = (
			);
			runOnlyForDeploymentPostprocessing = 0;
			shellPath = /bin/sh;
			shellScript = "\"${PODS_ROOT}/SwiftLint/swiftlint\"\n";
		};
		AD51B46B8F092EAEAD243F82 /* [CP] Check Pods Manifest.lock */ = {
			isa = PBXShellScriptBuildPhase;
			buildActionMask = 2147483647;
			files = (
			);
			inputFileListPaths = (
			);
			inputPaths = (
				"${PODS_PODFILE_DIR_PATH}/Podfile.lock",
				"${PODS_ROOT}/Manifest.lock",
			);
			name = "[CP] Check Pods Manifest.lock";
			outputFileListPaths = (
			);
			outputPaths = (
				"$(DERIVED_FILE_DIR)/Pods-AppCenterTest-checkManifestLockResult.txt",
			);
			runOnlyForDeploymentPostprocessing = 0;
			shellPath = /bin/sh;
			shellScript = "diff \"${PODS_PODFILE_DIR_PATH}/Podfile.lock\" \"${PODS_ROOT}/Manifest.lock\" > /dev/null\nif [ $? != 0 ] ; then\n    # print error to STDERR\n    echo \"error: The sandbox is not in sync with the Podfile.lock. Run 'pod install' or update your CocoaPods installation.\" >&2\n    exit 1\nfi\n# This output is used by Xcode 'outputs' to avoid re-running this script phase.\necho \"SUCCESS\" > \"${SCRIPT_OUTPUT_FILE_0}\"\n";
			showEnvVarsInLog = 0;
		};
/* End PBXShellScriptBuildPhase section */

/* Begin PBXSourcesBuildPhase section */
		AC25604B2270B91600EEFE43 /* Sources */ = {
			isa = PBXSourcesBuildPhase;
			buildActionMask = 2147483647;
			files = (
				AC2560552270B91600EEFE43 /* ViewController.swift in Sources */,
				AC2560532270B91600EEFE43 /* AppDelegate.swift in Sources */,
				AC92F8222270BCCD00E67CF4 /* R.generated.swift in Sources */,
			);
			runOnlyForDeploymentPostprocessing = 0;
		};
/* End PBXSourcesBuildPhase section */

/* Begin PBXVariantGroup section */
		AC2560562270B91600EEFE43 /* Main.storyboard */ = {
			isa = PBXVariantGroup;
			children = (
				AC2560572270B91600EEFE43 /* Base */,
			);
			name = Main.storyboard;
			sourceTree = "<group>";
		};
		AC25605B2270B91800EEFE43 /* LaunchScreen.storyboard */ = {
			isa = PBXVariantGroup;
			children = (
				AC25605C2270B91800EEFE43 /* Base */,
			);
			name = LaunchScreen.storyboard;
			sourceTree = "<group>";
		};
/* End PBXVariantGroup section */

/* Begin XCBuildConfiguration section */
		AC25605F2270B91800EEFE43 /* Debug */ = {
			isa = XCBuildConfiguration;
			buildSettings = {
				ALWAYS_SEARCH_USER_PATHS = NO;
				CLANG_ANALYZER_NONNULL = YES;
				CLANG_ANALYZER_NUMBER_OBJECT_CONVERSION = YES_AGGRESSIVE;
				CLANG_CXX_LANGUAGE_STANDARD = "gnu++14";
				CLANG_CXX_LIBRARY = "libc++";
				CLANG_ENABLE_MODULES = YES;
				CLANG_ENABLE_OBJC_ARC = YES;
				CLANG_ENABLE_OBJC_WEAK = YES;
				CLANG_WARN_BLOCK_CAPTURE_AUTORELEASING = YES;
				CLANG_WARN_BOOL_CONVERSION = YES;
				CLANG_WARN_COMMA = YES;
				CLANG_WARN_CONSTANT_CONVERSION = YES;
				CLANG_WARN_DEPRECATED_OBJC_IMPLEMENTATIONS = YES;
				CLANG_WARN_DIRECT_OBJC_ISA_USAGE = YES_ERROR;
				CLANG_WARN_DOCUMENTATION_COMMENTS = YES;
				CLANG_WARN_EMPTY_BODY = YES;
				CLANG_WARN_ENUM_CONVERSION = YES;
				CLANG_WARN_INFINITE_RECURSION = YES;
				CLANG_WARN_INT_CONVERSION = YES;
				CLANG_WARN_NON_LITERAL_NULL_CONVERSION = YES;
				CLANG_WARN_OBJC_IMPLICIT_RETAIN_SELF = YES;
				CLANG_WARN_OBJC_LITERAL_CONVERSION = YES;
				CLANG_WARN_OBJC_ROOT_CLASS = YES_ERROR;
				CLANG_WARN_RANGE_LOOP_ANALYSIS = YES;
				CLANG_WARN_STRICT_PROTOTYPES = YES;
				CLANG_WARN_SUSPICIOUS_MOVE = YES;
				CLANG_WARN_UNGUARDED_AVAILABILITY = YES_AGGRESSIVE;
				CLANG_WARN_UNREACHABLE_CODE = YES;
				CLANG_WARN__DUPLICATE_METHOD_MATCH = YES;
				CODE_SIGN_IDENTITY = "iPhone Developer";
				COPY_PHASE_STRIP = NO;
				DEBUG_INFORMATION_FORMAT = dwarf;
				ENABLE_STRICT_OBJC_MSGSEND = YES;
				ENABLE_TESTABILITY = YES;
				GCC_C_LANGUAGE_STANDARD = gnu11;
				GCC_DYNAMIC_NO_PIC = NO;
				GCC_NO_COMMON_BLOCKS = YES;
				GCC_OPTIMIZATION_LEVEL = 0;
				GCC_PREPROCESSOR_DEFINITIONS = (
					"DEBUG=1",
					"$(inherited)",
				);
				GCC_WARN_64_TO_32_BIT_CONVERSION = YES;
				GCC_WARN_ABOUT_RETURN_TYPE = YES_ERROR;
				GCC_WARN_UNDECLARED_SELECTOR = YES;
				GCC_WARN_UNINITIALIZED_AUTOS = YES_AGGRESSIVE;
				GCC_WARN_UNUSED_FUNCTION = YES;
				GCC_WARN_UNUSED_VARIABLE = YES;
				IPHONEOS_DEPLOYMENT_TARGET = 12.2;
				MTL_ENABLE_DEBUG_INFO = INCLUDE_SOURCE;
				MTL_FAST_MATH = YES;
				ONLY_ACTIVE_ARCH = YES;
				SDKROOT = iphoneos;
				SWIFT_ACTIVE_COMPILATION_CONDITIONS = DEBUG;
				SWIFT_OPTIMIZATION_LEVEL = "-Onone";
			};
			name = Debug;
		};
		AC2560602270B91800EEFE43 /* Release */ = {
			isa = XCBuildConfiguration;
			buildSettings = {
				ALWAYS_SEARCH_USER_PATHS = NO;
				CLANG_ANALYZER_NONNULL = YES;
				CLANG_ANALYZER_NUMBER_OBJECT_CONVERSION = YES_AGGRESSIVE;
				CLANG_CXX_LANGUAGE_STANDARD = "gnu++14";
				CLANG_CXX_LIBRARY = "libc++";
				CLANG_ENABLE_MODULES = YES;
				CLANG_ENABLE_OBJC_ARC = YES;
				CLANG_ENABLE_OBJC_WEAK = YES;
				CLANG_WARN_BLOCK_CAPTURE_AUTORELEASING = YES;
				CLANG_WARN_BOOL_CONVERSION = YES;
				CLANG_WARN_COMMA = YES;
				CLANG_WARN_CONSTANT_CONVERSION = YES;
				CLANG_WARN_DEPRECATED_OBJC_IMPLEMENTATIONS = YES;
				CLANG_WARN_DIRECT_OBJC_ISA_USAGE = YES_ERROR;
				CLANG_WARN_DOCUMENTATION_COMMENTS = YES;
				CLANG_WARN_EMPTY_BODY = YES;
				CLANG_WARN_ENUM_CONVERSION = YES;
				CLANG_WARN_INFINITE_RECURSION = YES;
				CLANG_WARN_INT_CONVERSION = YES;
				CLANG_WARN_NON_LITERAL_NULL_CONVERSION = YES;
				CLANG_WARN_OBJC_IMPLICIT_RETAIN_SELF = YES;
				CLANG_WARN_OBJC_LITERAL_CONVERSION = YES;
				CLANG_WARN_OBJC_ROOT_CLASS = YES_ERROR;
				CLANG_WARN_RANGE_LOOP_ANALYSIS = YES;
				CLANG_WARN_STRICT_PROTOTYPES = YES;
				CLANG_WARN_SUSPICIOUS_MOVE = YES;
				CLANG_WARN_UNGUARDED_AVAILABILITY = YES_AGGRESSIVE;
				CLANG_WARN_UNREACHABLE_CODE = YES;
				CLANG_WARN__DUPLICATE_METHOD_MATCH = YES;
				CODE_SIGN_IDENTITY = "iPhone Developer";
				COPY_PHASE_STRIP = NO;
				DEBUG_INFORMATION_FORMAT = "dwarf-with-dsym";
				ENABLE_NS_ASSERTIONS = NO;
				ENABLE_STRICT_OBJC_MSGSEND = YES;
				GCC_C_LANGUAGE_STANDARD = gnu11;
				GCC_NO_COMMON_BLOCKS = YES;
				GCC_WARN_64_TO_32_BIT_CONVERSION = YES;
				GCC_WARN_ABOUT_RETURN_TYPE = YES_ERROR;
				GCC_WARN_UNDECLARED_SELECTOR = YES;
				GCC_WARN_UNINITIALIZED_AUTOS = YES_AGGRESSIVE;
				GCC_WARN_UNUSED_FUNCTION = YES;
				GCC_WARN_UNUSED_VARIABLE = YES;
				IPHONEOS_DEPLOYMENT_TARGET = 12.2;
				MTL_ENABLE_DEBUG_INFO = NO;
				MTL_FAST_MATH = YES;
				SDKROOT = iphoneos;
				SWIFT_COMPILATION_MODE = wholemodule;
				SWIFT_OPTIMIZATION_LEVEL = "-O";
				VALIDATE_PRODUCT = YES;
			};
			name = Release;
		};
		AC2560622270B91800EEFE43 /* Debug */ = {
			isa = XCBuildConfiguration;
			baseConfigurationReference = 2AEF239BB80B42F0900F2425 /* Pods-AppCenterTest.debug.xcconfig */;
			buildSettings = {
				ASSETCATALOG_COMPILER_APPICON_NAME = AppIcon;
				CODE_SIGN_STYLE = Manual;
				DEVELOPMENT_TEAM = 82NYRXK388;
				INFOPLIST_FILE = AppCenterTest/Info.plist;
				LD_RUNPATH_SEARCH_PATHS = (
					"$(inherited)",
					"@executable_path/Frameworks",
				);
				PRODUCT_BUNDLE_IDENTIFIER = cab.u.appcenter;
				PRODUCT_NAME = "$(TARGET_NAME)";
				PROVISIONING_PROFILE_SPECIFIER = "match Development cab.u.appcenter";
				SWIFT_VERSION = 5.0;
				TARGETED_DEVICE_FAMILY = "1,2";
			};
			name = Debug;
		};
		AC2560632270B91800EEFE43 /* Release */ = {
			isa = XCBuildConfiguration;
			baseConfigurationReference = 1DC5A85786B620E7B4D30839 /* Pods-AppCenterTest.release.xcconfig */;
			buildSettings = {
				ASSETCATALOG_COMPILER_APPICON_NAME = AppIcon;
				CODE_SIGN_IDENTITY = "iPhone Distribution";
				CODE_SIGN_STYLE = Manual;
				DEVELOPMENT_TEAM = 82NYRXK388;
				INFOPLIST_FILE = AppCenterTest/Info.plist;
				LD_RUNPATH_SEARCH_PATHS = (
					"$(inherited)",
					"@executable_path/Frameworks",
				);
				PRODUCT_BUNDLE_IDENTIFIER = cab.u.appcenter;
				PRODUCT_NAME = "$(TARGET_NAME)";
				PROVISIONING_PROFILE_SPECIFIER = "match AppStore cab.u.appcenter";
				SWIFT_VERSION = 5.0;
				TARGETED_DEVICE_FAMILY = "1,2";
			};
			name = Release;
		};
/* End XCBuildConfiguration section */

/* Begin XCConfigurationList section */
		AC25604A2270B91600EEFE43 /* Build configuration list for PBXProject "AppCenterTest" */ = {
			isa = XCConfigurationList;
			buildConfigurations = (
				AC25605F2270B91800EEFE43 /* Debug */,
				AC2560602270B91800EEFE43 /* Release */,
			);
			defaultConfigurationIsVisible = 0;
			defaultConfigurationName = Release;
		};
		AC2560612270B91800EEFE43 /* Build configuration list for PBXNativeTarget "AppCenterTest" */ = {
			isa = XCConfigurationList;
			buildConfigurations = (
				AC2560622270B91800EEFE43 /* Debug */,
				AC2560632270B91800EEFE43 /* Release */,
			);
			defaultConfigurationIsVisible = 0;
			defaultConfigurationName = Release;
		};
/* End XCConfigurationList section */
	};
	rootObject = AC2560472270B91600EEFE43 /* Project object */;
}
